
Microsoft Visual Studio Solution File, Format Version 12.00
# Visual Studio 15
Project("{FAE04EC0-301F-11D3-BF4B-00C04F79EFBC}") = "Assembly-CSharp-firstpass", "Assembly-CSharp-firstpass.csproj", "{BCE04825-D3F3-E0F5-4320-4FABD6CCD119}"
EndProject
Project("{FAE04EC0-301F-11D3-BF4B-00C04F79EFBC}") = "Assembly-CSharp", "Assembly-CSharp.csproj", "{C9D078D7-220E-7EE5-D367-11605293B20A}"
EndProject
Project("{FAE04EC0-301F-11D3-BF4B-00C04F79EFBC}") = "Assembly-CSharp-Editor-firstpass", "Assembly-CSharp-Editor-firstpass.csproj", "{AB433482-FA73-BEA0-C836-66C4A08092E0}"
EndProject
Project("{FAE04EC0-301F-11D3-BF4B-00C04F79EFBC}") = "Assembly-CSharp-Editor", "Assembly-CSharp-Editor.csproj", "{964A04E2-E405-B8CC-435F-4AD58C2383AF}"
EndProject
Global
	GlobalSection(SolutionConfigurationPlatforms) = preSolution
		Debug|Any CPU = Debug|Any CPU
		Release|Any CPU = Release|Any CPU
	EndGlobalSection
	GlobalSection(ProjectConfigurationPlatforms) = postSolution
		{BCE04825-D3F3-E0F5-4320-4FABD6CCD119}.Debug|Any CPU.ActiveCfg = Debug|Any CPU
		{BCE04825-D3F3-E0F5-4320-4FABD6CCD119}.Debug|Any CPU.Build.0 = Debug|Any CPU
		{BCE04825-D3F3-E0F5-4320-4FABD6CCD119}.Release|Any CPU.ActiveCfg = Release|Any CPU
		{BCE04825-D3F3-E0F5-4320-4FABD6CCD119}.Release|Any CPU.Build.0 = Release|Any CPU
		{C9D078D7-220E-7EE5-D367-11605293B20A}.Debug|Any CPU.ActiveCfg = Debug|Any CPU
		{C9D078D7-220E-7EE5-D367-11605293B20A}.Debug|Any CPU.Build.0 = Debug|Any CPU
		{C9D078D7-220E-7EE5-D367-11605293B20A}.Release|Any CPU.ActiveCfg = Release|Any CPU
		{C9D078D7-220E-7EE5-D367-11605293B20A}.Release|Any CPU.Build.0 = Release|Any CPU
		{AB433482-FA73-BEA0-C836-66C4A08092E0}.Debug|Any CPU.ActiveCfg = Debug|Any CPU
		{AB433482-FA73-BEA0-C836-66C4A08092E0}.Debug|Any CPU.Build.0 = Debug|Any CPU
		{AB433482-FA73-BEA0-C836-66C4A08092E0}.Release|Any CPU.ActiveCfg = Release|Any CPU
		{AB433482-FA73-BEA0-C836-66C4A08092E0}.Release|Any CPU.Build.0 = Release|Any CPU
		{964A04E2-E405-B8CC-435F-4AD58C2383AF}.Debug|Any CPU.ActiveCfg = Debug|Any CPU
		{964A04E2-E405-B8CC-435F-4AD58C2383AF}.Debug|Any CPU.Build.0 = Debug|Any CPU
		{964A04E2-E405-B8CC-435F-4AD58C2383AF}.Release|Any CPU.ActiveCfg = Release|Any CPU
		{964A04E2-E405-B8CC-435F-4AD58C2383AF}.Release|Any CPU.Build.0 = Release|Any CPU
	EndGlobalSection
	GlobalSection(SolutionProperties) = preSolution
		HideSolutionNode = FALSE
	EndGlobalSection
EndGlobal
